
Microsoft Visual Studio Solution File, Format Version 12.00
# Visual Studio 2012
Project("{8BC9CEB8-8B4A-11D0-8D11-00A0C91BC942}") = "Comms_Code", "Comms_Code.vcxproj", "{1753EAF5-AA57-4444-8BCB-EBEB5AD7F37E}"
EndProject
Project("{8BC9CEB8-8B4A-11D0-8D11-00A0C91BC942}") = "Mega_Code", "..\Mega_Code\Mega_Code.vcxproj", "{9AE4133D-7E7A-49AD-8AE8-4BEDD804F67C}"
EndProject
Project("{8BC9CEB8-8B4A-11D0-8D11-00A0C91BC942}") = "Throttle_Code", "..\Throttle_Code\Throttle_Code.vcxproj", "{8B03ABD0-8F09-41D5-9B65-85FDED693709}"
EndProject
Project("{8BC9CEB8-8B4A-11D0-8D11-00A0C91BC942}") = "Trolley_Flasher", "..\LED Lighting\Trolley_Flasher\Trolley_Flasher.vcxproj", "{39A6E6C9-75B0-4404-865A-76EF12E6C203}"
EndProject
Project("{8BC9CEB8-8B4A-11D0-8D11-00A0C91BC942}") = "GSM_Code", "..\GSM_Code\GSM_Code.vcxproj", "{A3EF6FE9-28CD-4CD9-B009-4959DA358970}"
EndProject
Global
	GlobalSection(SolutionConfigurationPlatforms) = preSolution
		Debug|Win32 = Debug|Win32
		Release|Win32 = Release|Win32
	EndGlobalSection
	GlobalSection(ProjectConfigurationPlatforms) = postSolution
		{1753EAF5-AA57-4444-8BCB-EBEB5AD7F37E}.Debug|Win32.ActiveCfg = Debug|Win32
		{1753EAF5-AA57-4444-8BCB-EBEB5AD7F37E}.Debug|Win32.Build.0 = Debug|Win32
		{1753EAF5-AA57-4444-8BCB-EBEB5AD7F37E}.Release|Win32.ActiveCfg = Release|Win32
		{1753EAF5-AA57-4444-8BCB-EBEB5AD7F37E}.Release|Win32.Build.0 = Release|Win32
		{9AE4133D-7E7A-49AD-8AE8-4BEDD804F67C}.Debug|Win32.ActiveCfg = Debug|Win32
		{9AE4133D-7E7A-49AD-8AE8-4BEDD804F67C}.Debug|Win32.Build.0 = Debug|Win32
		{9AE4133D-7E7A-49AD-8AE8-4BEDD804F67C}.Release|Win32.ActiveCfg = Release|Win32
		{9AE4133D-7E7A-49AD-8AE8-4BEDD804F67C}.Release|Win32.Build.0 = Release|Win32
		{8B03ABD0-8F09-41D5-9B65-85FDED693709}.Debug|Win32.ActiveCfg = Debug|Win32
		{8B03ABD0-8F09-41D5-9B65-85FDED693709}.Debug|Win32.Build.0 = Debug|Win32
		{8B03ABD0-8F09-41D5-9B65-85FDED693709}.Release|Win32.ActiveCfg = Release|Win32
		{8B03ABD0-8F09-41D5-9B65-85FDED693709}.Release|Win32.Build.0 = Release|Win32
		{39A6E6C9-75B0-4404-865A-76EF12E6C203}.Debug|Win32.ActiveCfg = Debug|Win32
		{39A6E6C9-75B0-4404-865A-76EF12E6C203}.Debug|Win32.Build.0 = Debug|Win32
		{39A6E6C9-75B0-4404-865A-76EF12E6C203}.Release|Win32.ActiveCfg = Release|Win32
		{39A6E6C9-75B0-4404-865A-76EF12E6C203}.Release|Win32.Build.0 = Release|Win32
		{A3EF6FE9-28CD-4CD9-B009-4959DA358970}.Debug|Win32.ActiveCfg = Debug|Win32
		{A3EF6FE9-28CD-4CD9-B009-4959DA358970}.Debug|Win32.Build.0 = Debug|Win32
		{A3EF6FE9-28CD-4CD9-B009-4959DA358970}.Release|Win32.ActiveCfg = Release|Win32
		{A3EF6FE9-28CD-4CD9-B009-4959DA358970}.Release|Win32.Build.0 = Release|Win32
	EndGlobalSection
	GlobalSection(SolutionProperties) = preSolution
		HideSolutionNode = FALSE
	EndGlobalSection
EndGlobal
